
Microsoft Visual Studio Solution File, Format Version 12.00
# Visual Studio Version 16
VisualStudioVersion = 16.0.808.4
MinimumVisualStudioVersion = 10.0.40219.1
Project("{FAE04EC0-301F-11D3-BF4B-00C04F79EFBC}") = "asynchronous-streams", "asynchronous-streams.csproj", "{2782E555-38A2-41A9-9412-B60B16F177E4}"
EndProject
Global
	GlobalSection(SolutionConfigurationPlatforms) = preSolution
		Debug|Any CPU = Debug|Any CPU
		Release|Any CPU = Release|Any CPU
	EndGlobalSection
	GlobalSection(ProjectConfigurationPlatforms) = postSolution
		{2782E555-38A2-41A9-9412-B60B16F177E4}.Debug|Any CPU.ActiveCfg = Debug|Any CPU
		{2782E555-38A2-41A9-9412-B60B16F177E4}.Debug|Any CPU.Build.0 = Debug|Any CPU
		{2782E555-38A2-41A9-9412-B60B16F177E4}.Release|Any CPU.ActiveCfg = Release|Any CPU
		{2782E555-38A2-41A9-9412-B60B16F177E4}.Release|Any CPU.Build.0 = Release|Any CPU
	EndGlobalSection
	GlobalSection(SolutionProperties) = preSolution
		HideSolutionNode = FALSE
	EndGlobalSection
	GlobalSection(ExtensibilityGlobals) = postSolution
		SolutionGuid = {6143537B-F0E5-4A92-8905-2CCCF4FDBF5D}
	EndGlobalSection
EndGlobal
