
Microsoft Visual Studio Solution File, Format Version 12.00
# Visual Studio Version 16
VisualStudioVersion = 16.0.30907.101
MinimumVisualStudioVersion = 10.0.40219.1
Project("{FAE04EC0-301F-11D3-BF4B-00C04F79EFBC}") = "nullable", "nullable.csproj", "{E42750E7-0B3A-40F4-A87C-6A5FCA07FBAD}"
EndProject
Global
	GlobalSection(SolutionConfigurationPlatforms) = preSolution
		Debug|Any CPU = Debug|Any CPU
		Release|Any CPU = Release|Any CPU
	EndGlobalSection
	GlobalSection(ProjectConfigurationPlatforms) = postSolution
		{E42750E7-0B3A-40F4-A87C-6A5FCA07FBAD}.Debug|Any CPU.ActiveCfg = Debug|Any CPU
		{E42750E7-0B3A-40F4-A87C-6A5FCA07FBAD}.Debug|Any CPU.Build.0 = Debug|Any CPU
		{E42750E7-0B3A-40F4-A87C-6A5FCA07FBAD}.Release|Any CPU.ActiveCfg = Release|Any CPU
		{E42750E7-0B3A-40F4-A87C-6A5FCA07FBAD}.Release|Any CPU.Build.0 = Release|Any CPU
	EndGlobalSection
	GlobalSection(SolutionProperties) = preSolution
		HideSolutionNode = FALSE
	EndGlobalSection
	GlobalSection(ExtensibilityGlobals) = postSolution
		SolutionGuid = {20A3DE5B-2A62-4D73-B148-CBE4DE4395D8}
	EndGlobalSection
EndGlobal
